
Microsoft Visual Studio Solution File, Format Version 12.00
# Visual Studio Version 16
VisualStudioVersion = 16.0.32228.343
MinimumVisualStudioVersion = 10.0.40219.1
Project("{FAE04EC0-301F-11D3-BF4B-00C04F79EFBC}") = "orucluq", "orucluq\orucluq.csproj", "{FA3AF74F-B4AC-45DE-A1A6-6C404EDEB793}"
EndProject
Global
	GlobalSection(SolutionConfigurationPlatforms) = preSolution
		Debug|Any CPU = Debug|Any CPU
		Release|Any CPU = Release|Any CPU
	EndGlobalSection
	GlobalSection(ProjectConfigurationPlatforms) = postSolution
		{FA3AF74F-B4AC-45DE-A1A6-6C404EDEB793}.Debug|Any CPU.ActiveCfg = Debug|Any CPU
		{FA3AF74F-B4AC-45DE-A1A6-6C404EDEB793}.Debug|Any CPU.Build.0 = Debug|Any CPU
		{FA3AF74F-B4AC-45DE-A1A6-6C404EDEB793}.Release|Any CPU.ActiveCfg = Release|Any CPU
		{FA3AF74F-B4AC-45DE-A1A6-6C404EDEB793}.Release|Any CPU.Build.0 = Release|Any CPU
	EndGlobalSection
	GlobalSection(SolutionProperties) = preSolution
		HideSolutionNode = FALSE
	EndGlobalSection
	GlobalSection(ExtensibilityGlobals) = postSolution
		SolutionGuid = {9C212CE4-C8B6-4308-8647-AE76610DF178}
	EndGlobalSection
EndGlobal
